<?xml version="1.0"?>
<Project ToolsVersion="4.0" xmlns="http://schemas.microsoft.com/developer/msbuild/2003">
	<ItemGroup>
		<ClCompile Include="src\ofApp.cpp">
			<Filter>src</Filter>
		</ClCompile>
		<ClCompile Include="src\main.cpp">
			<Filter>src</Filter>
		</ClCompile>
		<ClCompile Include="..\..\!School\Games Computing\of_v0.12.1_vs_64_release\of_v0.12.1_vs_64_release\addons\ofxGui\src\ofxBaseGui.cpp">
			<Filter>addons\ofxGui\src</Filter>
		</ClCompile>
		<ClCompile Include="..\..\!School\Games Computing\of_v0.12.1_vs_64_release\of_v0.12.1_vs_64_release\addons\ofxGui\src\ofxButton.cpp">
			<Filter>addons\ofxGui\src</Filter>
		</ClCompile>
		<ClCompile Include="..\..\!School\Games Computing\of_v0.12.1_vs_64_release\of_v0.12.1_vs_64_release\addons\ofxGui\src\ofxColorPicker.cpp">
			<Filter>addons\ofxGui\src</Filter>
		</ClCompile>
		<ClCompile Include="..\..\!School\Games Computing\of_v0.12.1_vs_64_release\of_v0.12.1_vs_64_release\addons\ofxGui\src\ofxGuiGroup.cpp">
			<Filter>addons\ofxGui\src</Filter>
		</ClCompile>
		<ClCompile Include="..\..\!School\Games Computing\of_v0.12.1_vs_64_release\of_v0.12.1_vs_64_release\addons\ofxGui\src\ofxInputField.cpp">
			<Filter>addons\ofxGui\src</Filter>
		</ClCompile>
		<ClCompile Include="..\..\!School\Games Computing\of_v0.12.1_vs_64_release\of_v0.12.1_vs_64_release\addons\ofxGui\src\ofxLabel.cpp">
			<Filter>addons\ofxGui\src</Filter>
		</ClCompile>
		<ClCompile Include="..\..\!School\Games Computing\of_v0.12.1_vs_64_release\of_v0.12.1_vs_64_release\addons\ofxGui\src\ofxPanel.cpp">
			<Filter>addons\ofxGui\src</Filter>
		</ClCompile>
		<ClCompile Include="..\..\!School\Games Computing\of_v0.12.1_vs_64_release\of_v0.12.1_vs_64_release\addons\ofxGui\src\ofxSlider.cpp">
			<Filter>addons\ofxGui\src</Filter>
		</ClCompile>
		<ClCompile Include="..\..\!School\Games Computing\of_v0.12.1_vs_64_release\of_v0.12.1_vs_64_release\addons\ofxGui\src\ofxSliderGroup.cpp">
			<Filter>addons\ofxGui\src</Filter>
		</ClCompile>
		<ClCompile Include="..\..\!School\Games Computing\of_v0.12.1_vs_64_release\of_v0.12.1_vs_64_release\addons\ofxGui\src\ofxToggle.cpp">
			<Filter>addons\ofxGui\src</Filter>
		</ClCompile>
	</ItemGroup>
	<ItemGroup>
		<Filter Include="src">
			<UniqueIdentifier>{d8376475-7454-4a24-b08a-aac121d3ad6f}</UniqueIdentifier>
		</Filter>
		<Filter Include="addons">
			<UniqueIdentifier>{427E3ECF--C3A-E-4F-BD-A-C15-D605E9931F34}</UniqueIdentifier>
		</Filter>
		<Filter Include="addons\ofxGui">
			<UniqueIdentifier>{29322DC5--2F6-D-47-8A-9-8C7-B773B16A99CC}</UniqueIdentifier>
		</Filter>
		<Filter Include="addons\ofxGui\src">
			<UniqueIdentifier>{64B61E82--0A8-0-42-9D-8-EA7-A230AA431DDA}</UniqueIdentifier>
		</Filter>
	</ItemGroup>
	<ItemGroup>
		<ClInclude Include="src\ofApp.h">
			<Filter>src</Filter>
		</ClInclude>
		<ClInclude Include="..\..\!School\Games Computing\of_v0.12.1_vs_64_release\of_v0.12.1_vs_64_release\addons\ofxGui\src\ofxBaseGui.h">
			<Filter>addons\ofxGui\src</Filter>
		</ClInclude>
		<ClInclude Include="..\..\!School\Games Computing\of_v0.12.1_vs_64_release\of_v0.12.1_vs_64_release\addons\ofxGui\src\ofxButton.h">
			<Filter>addons\ofxGui\src</Filter>
		</ClInclude>
		<ClInclude Include="..\..\!School\Games Computing\of_v0.12.1_vs_64_release\of_v0.12.1_vs_64_release\addons\ofxGui\src\ofxColorPicker.h">
			<Filter>addons\ofxGui\src</Filter>
		</ClInclude>
		<ClInclude Include="..\..\!School\Games Computing\of_v0.12.1_vs_64_release\of_v0.12.1_vs_64_release\addons\ofxGui\src\ofxGui.h">
			<Filter>addons\ofxGui\src</Filter>
		</ClInclude>
		<ClInclude Include="..\..\!School\Games Computing\of_v0.12.1_vs_64_release\of_v0.12.1_vs_64_release\addons\ofxGui\src\ofxGuiGroup.h">
			<Filter>addons\ofxGui\src</Filter>
		</ClInclude>
		<ClInclude Include="..\..\!School\Games Computing\of_v0.12.1_vs_64_release\of_v0.12.1_vs_64_release\addons\ofxGui\src\ofxGuiUtils.h">
			<Filter>addons\ofxGui\src</Filter>
		</ClInclude>
		<ClInclude Include="..\..\!School\Games Computing\of_v0.12.1_vs_64_release\of_v0.12.1_vs_64_release\addons\ofxGui\src\ofxInputField.h">
			<Filter>addons\ofxGui\src</Filter>
		</ClInclude>
		<ClInclude Include="..\..\!School\Games Computing\of_v0.12.1_vs_64_release\of_v0.12.1_vs_64_release\addons\ofxGui\src\ofxLabel.h">
			<Filter>addons\ofxGui\src</Filter>
		</ClInclude>
		<ClInclude Include="..\..\!School\Games Computing\of_v0.12.1_vs_64_release\of_v0.12.1_vs_64_release\addons\ofxGui\src\ofxPanel.h">
			<Filter>addons\ofxGui\src</Filter>
		</ClInclude>
		<ClInclude Include="..\..\!School\Games Computing\of_v0.12.1_vs_64_release\of_v0.12.1_vs_64_release\addons\ofxGui\src\ofxSlider.h">
			<Filter>addons\ofxGui\src</Filter>
		</ClInclude>
		<ClInclude Include="..\..\!School\Games Computing\of_v0.12.1_vs_64_release\of_v0.12.1_vs_64_release\addons\ofxGui\src\ofxSliderGroup.h">
			<Filter>addons\ofxGui\src</Filter>
		</ClInclude>
		<ClInclude Include="..\..\!School\Games Computing\of_v0.12.1_vs_64_release\of_v0.12.1_vs_64_release\addons\ofxGui\src\ofxToggle.h">
			<Filter>addons\ofxGui\src</Filter>
		</ClInclude>
	</ItemGroup>
	<ItemGroup>
		<ResourceCompile Include="icon.rc" />
	</ItemGroup>
</Project>
